
Microsoft Visual Studio Solution File, Format Version 12.00
# Visual Studio Version 17
VisualStudioVersion = 17.1.32228.430
MinimumVisualStudioVersion = 15.0.26124.0
Project("{9A19103F-16F7-4668-BE54-9A1E7A4F7556}") = "Highbyte.DotNet6502", "Highbyte.DotNet6502\Highbyte.DotNet6502.csproj", "{F613F6C7-F4BF-47F8-86A5-69DF8EDF12B3}"
EndProject
Project("{9A19103F-16F7-4668-BE54-9A1E7A4F7556}") = "Highbyte.DotNet6502.Tests", "Highbyte.DotNet6502.Tests\Highbyte.DotNet6502.Tests.csproj", "{4C634415-8E21-4813-A40C-E19025C300D4}"
EndProject
Project("{9A19103F-16F7-4668-BE54-9A1E7A4F7556}") = "Highbyte.DotNet6502.App.Monitor", "Highbyte.DotNet6502.App\Highbyte.DotNet6502.App.Monitor\Highbyte.DotNet6502.App.Monitor.csproj", "{B5FDDFEE-632E-4AC5-B090-79946F8068DD}"
EndProject
Project("{FAE04EC0-301F-11D3-BF4B-00C04F79EFBC}") = "Highbyte.DotNet6502.Systems", "Highbyte.DotNet6502.Systems\Highbyte.DotNet6502.Systems.csproj", "{3F34C157-0037-4FF1-A1F8-F0ECBE1CD616}"
EndProject
Project("{2150E333-8FDC-42A3-9474-1A3956D46DE8}") = "Highbyte.DotNet6502.Impl", "Highbyte.DotNet6502.Impl", "{027B7D2E-2F25-4D23-ABA5-E3EE47018DF7}"
EndProject
Project("{FAE04EC0-301F-11D3-BF4B-00C04F79EFBC}") = "Highbyte.DotNet6502.Impl.SadConsole", "Highbyte.DotNet6502.Impl\Highbyte.DotNet6502.Impl.SadConsole\Highbyte.DotNet6502.Impl.SadConsole.csproj", "{7DB04936-7428-4740-813A-A77492BDF351}"
EndProject
Project("{FAE04EC0-301F-11D3-BF4B-00C04F79EFBC}") = "Highbyte.DotNet6502.Impl.SilkNet", "Highbyte.DotNet6502.Impl\Highbyte.DotNet6502.Impl.SilkNet\Highbyte.DotNet6502.Impl.SilkNet.csproj", "{43B47E3B-B193-49DE-9CC8-2660DAA0ABD2}"
EndProject
Project("{FAE04EC0-301F-11D3-BF4B-00C04F79EFBC}") = "Highbyte.DotNet6502.Impl.Skia", "Highbyte.DotNet6502.Impl\Highbyte.DotNet6502.Impl.Skia\Highbyte.DotNet6502.Impl.Skia.csproj", "{C0E90430-6187-4D64-B1A8-E0C1FEBB2DF7}"
EndProject
Global
	GlobalSection(SolutionConfigurationPlatforms) = preSolution
		Debug|Any CPU = Debug|Any CPU
		Debug|x64 = Debug|x64
		Debug|x86 = Debug|x86
		Release|Any CPU = Release|Any CPU
		Release|x64 = Release|x64
		Release|x86 = Release|x86
	EndGlobalSection
	GlobalSection(ProjectConfigurationPlatforms) = postSolution
		{F613F6C7-F4BF-47F8-86A5-69DF8EDF12B3}.Debug|Any CPU.ActiveCfg = Debug|Any CPU
		{F613F6C7-F4BF-47F8-86A5-69DF8EDF12B3}.Debug|Any CPU.Build.0 = Debug|Any CPU
		{F613F6C7-F4BF-47F8-86A5-69DF8EDF12B3}.Debug|x64.ActiveCfg = Debug|Any CPU
		{F613F6C7-F4BF-47F8-86A5-69DF8EDF12B3}.Debug|x64.Build.0 = Debug|Any CPU
		{F613F6C7-F4BF-47F8-86A5-69DF8EDF12B3}.Debug|x86.ActiveCfg = Debug|Any CPU
		{F613F6C7-F4BF-47F8-86A5-69DF8EDF12B3}.Debug|x86.Build.0 = Debug|Any CPU
		{F613F6C7-F4BF-47F8-86A5-69DF8EDF12B3}.Release|Any CPU.ActiveCfg = Release|Any CPU
		{F613F6C7-F4BF-47F8-86A5-69DF8EDF12B3}.Release|Any CPU.Build.0 = Release|Any CPU
		{F613F6C7-F4BF-47F8-86A5-69DF8EDF12B3}.Release|x64.ActiveCfg = Release|Any CPU
		{F613F6C7-F4BF-47F8-86A5-69DF8EDF12B3}.Release|x64.Build.0 = Release|Any CPU
		{F613F6C7-F4BF-47F8-86A5-69DF8EDF12B3}.Release|x86.ActiveCfg = Release|Any CPU
		{F613F6C7-F4BF-47F8-86A5-69DF8EDF12B3}.Release|x86.Build.0 = Release|Any CPU
		{4C634415-8E21-4813-A40C-E19025C300D4}.Debug|Any CPU.ActiveCfg = Debug|Any CPU
		{4C634415-8E21-4813-A40C-E19025C300D4}.Debug|Any CPU.Build.0 = Debug|Any CPU
		{4C634415-8E21-4813-A40C-E19025C300D4}.Debug|x64.ActiveCfg = Debug|Any CPU
		{4C634415-8E21-4813-A40C-E19025C300D4}.Debug|x64.Build.0 = Debug|Any CPU
		{4C634415-8E21-4813-A40C-E19025C300D4}.Debug|x86.ActiveCfg = Debug|Any CPU
		{4C634415-8E21-4813-A40C-E19025C300D4}.Debug|x86.Build.0 = Debug|Any CPU
		{4C634415-8E21-4813-A40C-E19025C300D4}.Release|Any CPU.ActiveCfg = Release|Any CPU
		{4C634415-8E21-4813-A40C-E19025C300D4}.Release|Any CPU.Build.0 = Release|Any CPU
		{4C634415-8E21-4813-A40C-E19025C300D4}.Release|x64.ActiveCfg = Release|Any CPU
		{4C634415-8E21-4813-A40C-E19025C300D4}.Release|x64.Build.0 = Release|Any CPU
		{4C634415-8E21-4813-A40C-E19025C300D4}.Release|x86.ActiveCfg = Release|Any CPU
		{4C634415-8E21-4813-A40C-E19025C300D4}.Release|x86.Build.0 = Release|Any CPU
		{B5FDDFEE-632E-4AC5-B090-79946F8068DD}.Debug|Any CPU.ActiveCfg = Debug|Any CPU
		{B5FDDFEE-632E-4AC5-B090-79946F8068DD}.Debug|Any CPU.Build.0 = Debug|Any CPU
		{B5FDDFEE-632E-4AC5-B090-79946F8068DD}.Debug|x64.ActiveCfg = Debug|Any CPU
		{B5FDDFEE-632E-4AC5-B090-79946F8068DD}.Debug|x64.Build.0 = Debug|Any CPU
		{B5FDDFEE-632E-4AC5-B090-79946F8068DD}.Debug|x86.ActiveCfg = Debug|Any CPU
		{B5FDDFEE-632E-4AC5-B090-79946F8068DD}.Debug|x86.Build.0 = Debug|Any CPU
		{B5FDDFEE-632E-4AC5-B090-79946F8068DD}.Release|Any CPU.ActiveCfg = Release|Any CPU
		{B5FDDFEE-632E-4AC5-B090-79946F8068DD}.Release|Any CPU.Build.0 = Release|Any CPU
		{B5FDDFEE-632E-4AC5-B090-79946F8068DD}.Release|x64.ActiveCfg = Release|Any CPU
		{B5FDDFEE-632E-4AC5-B090-79946F8068DD}.Release|x64.Build.0 = Release|Any CPU
		{B5FDDFEE-632E-4AC5-B090-79946F8068DD}.Release|x86.ActiveCfg = Release|Any CPU
		{B5FDDFEE-632E-4AC5-B090-79946F8068DD}.Release|x86.Build.0 = Release|Any CPU
		{B0D46CA9-5003-413B-9F25-7A35B95D31F6}.Debug|Any CPU.ActiveCfg = Debug|Any CPU
		{B0D46CA9-5003-413B-9F25-7A35B95D31F6}.Debug|Any CPU.Build.0 = Debug|Any CPU
		{B0D46CA9-5003-413B-9F25-7A35B95D31F6}.Debug|x64.ActiveCfg = Debug|Any CPU
		{B0D46CA9-5003-413B-9F25-7A35B95D31F6}.Debug|x64.Build.0 = Debug|Any CPU
		{B0D46CA9-5003-413B-9F25-7A35B95D31F6}.Debug|x86.ActiveCfg = Debug|Any CPU
		{B0D46CA9-5003-413B-9F25-7A35B95D31F6}.Debug|x86.Build.0 = Debug|Any CPU
		{B0D46CA9-5003-413B-9F25-7A35B95D31F6}.Release|Any CPU.ActiveCfg = Release|Any CPU
		{B0D46CA9-5003-413B-9F25-7A35B95D31F6}.Release|Any CPU.Build.0 = Release|Any CPU
		{B0D46CA9-5003-413B-9F25-7A35B95D31F6}.Release|x64.ActiveCfg = Release|Any CPU
		{B0D46CA9-5003-413B-9F25-7A35B95D31F6}.Release|x64.Build.0 = Release|Any CPU
		{B0D46CA9-5003-413B-9F25-7A35B95D31F6}.Release|x86.ActiveCfg = Release|Any CPU
		{B0D46CA9-5003-413B-9F25-7A35B95D31F6}.Release|x86.Build.0 = Release|Any CPU
		{A3F09C71-33B9-4351-A7BB-14BE9B017D67}.Debug|Any CPU.ActiveCfg = Debug|Any CPU
		{A3F09C71-33B9-4351-A7BB-14BE9B017D67}.Debug|Any CPU.Build.0 = Debug|Any CPU
		{A3F09C71-33B9-4351-A7BB-14BE9B017D67}.Debug|x64.ActiveCfg = Debug|Any CPU
		{A3F09C71-33B9-4351-A7BB-14BE9B017D67}.Debug|x64.Build.0 = Debug|Any CPU
		{A3F09C71-33B9-4351-A7BB-14BE9B017D67}.Debug|x86.ActiveCfg = Debug|Any CPU
		{A3F09C71-33B9-4351-A7BB-14BE9B017D67}.Debug|x86.Build.0 = Debug|Any CPU
		{A3F09C71-33B9-4351-A7BB-14BE9B017D67}.Release|Any CPU.ActiveCfg = Release|Any CPU
		{A3F09C71-33B9-4351-A7BB-14BE9B017D67}.Release|Any CPU.Build.0 = Release|Any CPU
		{A3F09C71-33B9-4351-A7BB-14BE9B017D67}.Release|x64.ActiveCfg = Release|Any CPU
		{A3F09C71-33B9-4351-A7BB-14BE9B017D67}.Release|x64.Build.0 = Release|Any CPU
		{A3F09C71-33B9-4351-A7BB-14BE9B017D67}.Release|x86.ActiveCfg = Release|Any CPU
		{A3F09C71-33B9-4351-A7BB-14BE9B017D67}.Release|x86.Build.0 = Release|Any CPU
		{4837554A-F083-468B-830E-FF704136D21B}.Debug|Any CPU.ActiveCfg = Debug|Any CPU
		{4837554A-F083-468B-830E-FF704136D21B}.Debug|Any CPU.Build.0 = Debug|Any CPU
		{4837554A-F083-468B-830E-FF704136D21B}.Debug|x64.ActiveCfg = Debug|Any CPU
		{4837554A-F083-468B-830E-FF704136D21B}.Debug|x64.Build.0 = Debug|Any CPU
		{4837554A-F083-468B-830E-FF704136D21B}.Debug|x86.ActiveCfg = Debug|Any CPU
		{4837554A-F083-468B-830E-FF704136D21B}.Debug|x86.Build.0 = Debug|Any CPU
		{4837554A-F083-468B-830E-FF704136D21B}.Release|Any CPU.ActiveCfg = Release|Any CPU
		{4837554A-F083-468B-830E-FF704136D21B}.Release|Any CPU.Build.0 = Release|Any CPU
		{4837554A-F083-468B-830E-FF704136D21B}.Release|x64.ActiveCfg = Release|Any CPU
		{4837554A-F083-468B-830E-FF704136D21B}.Release|x64.Build.0 = Release|Any CPU
		{4837554A-F083-468B-830E-FF704136D21B}.Release|x86.ActiveCfg = Release|Any CPU
		{4837554A-F083-468B-830E-FF704136D21B}.Release|x86.Build.0 = Release|Any CPU
		{3F34C157-0037-4FF1-A1F8-F0ECBE1CD616}.Debug|Any CPU.ActiveCfg = Debug|Any CPU
		{3F34C157-0037-4FF1-A1F8-F0ECBE1CD616}.Debug|Any CPU.Build.0 = Debug|Any CPU
		{3F34C157-0037-4FF1-A1F8-F0ECBE1CD616}.Debug|x64.ActiveCfg = Debug|Any CPU
		{3F34C157-0037-4FF1-A1F8-F0ECBE1CD616}.Debug|x64.Build.0 = Debug|Any CPU
		{3F34C157-0037-4FF1-A1F8-F0ECBE1CD616}.Debug|x86.ActiveCfg = Debug|Any CPU
		{3F34C157-0037-4FF1-A1F8-F0ECBE1CD616}.Debug|x86.Build.0 = Debug|Any CPU
		{3F34C157-0037-4FF1-A1F8-F0ECBE1CD616}.Release|Any CPU.ActiveCfg = Release|Any CPU
		{3F34C157-0037-4FF1-A1F8-F0ECBE1CD616}.Release|Any CPU.Build.0 = Release|Any CPU
		{3F34C157-0037-4FF1-A1F8-F0ECBE1CD616}.Release|x64.ActiveCfg = Release|Any CPU
		{3F34C157-0037-4FF1-A1F8-F0ECBE1CD616}.Release|x64.Build.0 = Release|Any CPU
		{3F34C157-0037-4FF1-A1F8-F0ECBE1CD616}.Release|x86.ActiveCfg = Release|Any CPU
		{3F34C157-0037-4FF1-A1F8-F0ECBE1CD616}.Release|x86.Build.0 = Release|Any CPU
		{C0E90430-6187-4D64-B1A8-E0C1FEBB2DF7}.Debug|Any CPU.ActiveCfg = Debug|Any CPU
		{C0E90430-6187-4D64-B1A8-E0C1FEBB2DF7}.Debug|Any CPU.Build.0 = Debug|Any CPU
		{C0E90430-6187-4D64-B1A8-E0C1FEBB2DF7}.Debug|x64.ActiveCfg = Debug|Any CPU
		{C0E90430-6187-4D64-B1A8-E0C1FEBB2DF7}.Debug|x64.Build.0 = Debug|Any CPU
		{C0E90430-6187-4D64-B1A8-E0C1FEBB2DF7}.Debug|x86.ActiveCfg = Debug|Any CPU
		{C0E90430-6187-4D64-B1A8-E0C1FEBB2DF7}.Debug|x86.Build.0 = Debug|Any CPU
		{C0E90430-6187-4D64-B1A8-E0C1FEBB2DF7}.Release|Any CPU.ActiveCfg = Release|Any CPU
		{C0E90430-6187-4D64-B1A8-E0C1FEBB2DF7}.Release|Any CPU.Build.0 = Release|Any CPU
		{C0E90430-6187-4D64-B1A8-E0C1FEBB2DF7}.Release|x64.ActiveCfg = Release|Any CPU
		{C0E90430-6187-4D64-B1A8-E0C1FEBB2DF7}.Release|x64.Build.0 = Release|Any CPU
		{C0E90430-6187-4D64-B1A8-E0C1FEBB2DF7}.Release|x86.ActiveCfg = Release|Any CPU
		{C0E90430-6187-4D64-B1A8-E0C1FEBB2DF7}.Release|x86.Build.0 = Release|Any CPU
		{43B47E3B-B193-49DE-9CC8-2660DAA0ABD2}.Debug|Any CPU.ActiveCfg = Debug|Any CPU
		{43B47E3B-B193-49DE-9CC8-2660DAA0ABD2}.Debug|Any CPU.Build.0 = Debug|Any CPU
		{43B47E3B-B193-49DE-9CC8-2660DAA0ABD2}.Debug|x64.ActiveCfg = Debug|Any CPU
		{43B47E3B-B193-49DE-9CC8-2660DAA0ABD2}.Debug|x64.Build.0 = Debug|Any CPU
		{43B47E3B-B193-49DE-9CC8-2660DAA0ABD2}.Debug|x86.ActiveCfg = Debug|Any CPU
		{43B47E3B-B193-49DE-9CC8-2660DAA0ABD2}.Debug|x86.Build.0 = Debug|Any CPU
		{43B47E3B-B193-49DE-9CC8-2660DAA0ABD2}.Release|Any CPU.ActiveCfg = Release|Any CPU
		{43B47E3B-B193-49DE-9CC8-2660DAA0ABD2}.Release|Any CPU.Build.0 = Release|Any CPU
		{43B47E3B-B193-49DE-9CC8-2660DAA0ABD2}.Release|x64.ActiveCfg = Release|Any CPU
		{43B47E3B-B193-49DE-9CC8-2660DAA0ABD2}.Release|x64.Build.0 = Release|Any CPU
		{43B47E3B-B193-49DE-9CC8-2660DAA0ABD2}.Release|x86.ActiveCfg = Release|Any CPU
		{43B47E3B-B193-49DE-9CC8-2660DAA0ABD2}.Release|x86.Build.0 = Release|Any CPU
		{7DB04936-7428-4740-813A-A77492BDF351}.Debug|Any CPU.ActiveCfg = Debug|Any CPU
		{7DB04936-7428-4740-813A-A77492BDF351}.Debug|Any CPU.Build.0 = Debug|Any CPU
		{7DB04936-7428-4740-813A-A77492BDF351}.Debug|x64.ActiveCfg = Debug|Any CPU
		{7DB04936-7428-4740-813A-A77492BDF351}.Debug|x64.Build.0 = Debug|Any CPU
		{7DB04936-7428-4740-813A-A77492BDF351}.Debug|x86.ActiveCfg = Debug|Any CPU
		{7DB04936-7428-4740-813A-A77492BDF351}.Debug|x86.Build.0 = Debug|Any CPU
		{7DB04936-7428-4740-813A-A77492BDF351}.Release|Any CPU.ActiveCfg = Release|Any CPU
		{7DB04936-7428-4740-813A-A77492BDF351}.Release|Any CPU.Build.0 = Release|Any CPU
		{7DB04936-7428-4740-813A-A77492BDF351}.Release|x64.ActiveCfg = Release|Any CPU
		{7DB04936-7428-4740-813A-A77492BDF351}.Release|x64.Build.0 = Release|Any CPU
		{7DB04936-7428-4740-813A-A77492BDF351}.Release|x86.ActiveCfg = Release|Any CPU
		{7DB04936-7428-4740-813A-A77492BDF351}.Release|x86.Build.0 = Release|Any CPU
	EndGlobalSection
	GlobalSection(SolutionProperties) = preSolution
		HideSolutionNode = FALSE
	EndGlobalSection
	GlobalSection(ExtensibilityGlobals) = postSolution
		SolutionGuid = {0F55B6C2-E4B4-4F2C-9D2A-D63A17F3B5C4}
	EndGlobalSection
	GlobalSection(NestedProjects) = preSolution
		{C0E90430-6187-4D64-B1A8-E0C1FEBB2DF7} = {027B7D2E-2F25-4D23-ABA5-E3EE47018DF7}
		{43B47E3B-B193-49DE-9CC8-2660DAA0ABD2} = {027B7D2E-2F25-4D23-ABA5-E3EE47018DF7}
		{7DB04936-7428-4740-813A-A77492BDF351} = {027B7D2E-2F25-4D23-ABA5-E3EE47018DF7}
	EndGlobalSection
EndGlobal
