
Microsoft Visual Studio Solution File, Format Version 12.00
# Visual Studio Version 17
VisualStudioVersion = 17.1.32228.430
MinimumVisualStudioVersion = 15.0.26124.0
Project("{9A19103F-16F7-4668-BE54-9A1E7A4F7556}") = "Highbyte.DotNet6502", "src\libraries\Highbyte.DotNet6502\Highbyte.DotNet6502.csproj", "{F613F6C7-F4BF-47F8-86A5-69DF8EDF12B3}"
EndProject
Project("{9A19103F-16F7-4668-BE54-9A1E7A4F7556}") = "Highbyte.DotNet6502.Systems", "src\libraries\Highbyte.DotNet6502.Systems\Highbyte.DotNet6502.Systems.csproj", "{3F34C157-0037-4FF1-A1F8-F0ECBE1CD616}"
EndProject
Project("{9A19103F-16F7-4668-BE54-9A1E7A4F7556}") = "Highbyte.DotNet6502.Impl.SadConsole", "src\libraries\Highbyte.DotNet6502.Impl.SadConsole\Highbyte.DotNet6502.Impl.SadConsole.csproj", "{7DB04936-7428-4740-813A-A77492BDF351}"
EndProject
Project("{9A19103F-16F7-4668-BE54-9A1E7A4F7556}") = "Highbyte.DotNet6502.Impl.SilkNet", "src\libraries\Highbyte.DotNet6502.Impl.SilkNet\Highbyte.DotNet6502.Impl.SilkNet.csproj", "{43B47E3B-B193-49DE-9CC8-2660DAA0ABD2}"
EndProject
Project("{9A19103F-16F7-4668-BE54-9A1E7A4F7556}") = "Highbyte.DotNet6502.Impl.Skia", "src\libraries\Highbyte.DotNet6502.Impl.Skia\Highbyte.DotNet6502.Impl.Skia.csproj", "{C0E90430-6187-4D64-B1A8-E0C1FEBB2DF7}"
EndProject
Project("{9A19103F-16F7-4668-BE54-9A1E7A4F7556}") = "Highbyte.DotNet6502.App.SilkNetNative", "src\apps\Highbyte.DotNet6502.App.SilkNetNative\Highbyte.DotNet6502.App.SilkNetNative.csproj", "{B1320CAC-9AFC-4293-BF7F-8ACD14F5B4F1}"
EndProject
Project("{9A19103F-16F7-4668-BE54-9A1E7A4F7556}") = "Highbyte.DotNet6502.Monitor", "src\libraries\Highbyte.DotNet6502.Monitor\Highbyte.DotNet6502.Monitor.csproj", "{CC928CD4-726D-443F-B6C6-1149511AA4BE}"
EndProject
Project("{2150E333-8FDC-42A3-9474-1A3956D46DE8}") = "App", "App", "{179A14B2-B918-4B64-8314-3551D83551D0}"
EndProject
Project("{9A19103F-16F7-4668-BE54-9A1E7A4F7556}") = "Highbyte.DotNet6502.App.WASM", "src\apps\Highbyte.DotNet6502.App.WASM\Highbyte.DotNet6502.App.WASM.csproj", "{5B5CB1AE-3633-4431-8919-7AA5DD2F37CE}"
EndProject
Project("{9A19103F-16F7-4668-BE54-9A1E7A4F7556}") = "Highbyte.DotNet6502.App.ConsoleMonitor", "src\apps\Highbyte.DotNet6502.App.ConsoleMonitor\Highbyte.DotNet6502.App.ConsoleMonitor.csproj", "{3E070BB0-52CD-4B6B-ADE0-723C4F1AA847}"
EndProject
Project("{9A19103F-16F7-4668-BE54-9A1E7A4F7556}") = "Highbyte.DotNet6502.Impl.AspNet", "src\libraries\Highbyte.DotNet6502.Impl.AspNet\Highbyte.DotNet6502.Impl.AspNet.csproj", "{348D11D6-BEE9-434F-8B1B-14D79F93959C}"
EndProject
Project("{9A19103F-16F7-4668-BE54-9A1E7A4F7556}") = "Highbyte.DotNet6502.App.SadConsole", "src\apps\Highbyte.DotNet6502.App.SadConsole\Highbyte.DotNet6502.App.SadConsole.csproj", "{3D294AEE-7CC1-4A68-96E1-120A90765520}"
EndProject
Project("{2150E333-8FDC-42A3-9474-1A3956D46DE8}") = "Tests", "Tests", "{D7D2C567-4FB5-48D1-BEBF-6B7EE21893FC}"
EndProject
Project("{9A19103F-16F7-4668-BE54-9A1E7A4F7556}") = "Highbyte.DotNet6502.Tests", "tests\Highbyte.DotNet6502.Tests\Highbyte.DotNet6502.Tests.csproj", "{5A8F9051-A33E-426C-BE43-BC01CF3E0164}"
EndProject
Project("{9A19103F-16F7-4668-BE54-9A1E7A4F7556}") = "Highbyte.DotNet6502.Systems.Tests", "tests\Highbyte.DotNet6502.Systems.Tests\Highbyte.DotNet6502.Systems.Tests.csproj", "{2C17DDAA-CC97-4777-96A5-37B9A74FAB6B}"
EndProject
Project("{9A19103F-16F7-4668-BE54-9A1E7A4F7556}") = "Highbyte.DotNet6502.Impl.NAudio", "src\libraries\Highbyte.DotNet6502.Impl.NAudio\Highbyte.DotNet6502.Impl.NAudio.csproj", "{4658789F-F449-4D13-B71D-AA5A12FC298B}"
EndProject
Project("{2150E333-8FDC-42A3-9474-1A3956D46DE8}") = "Libs", "Libs", "{B406AD5D-CB8D-45F2-A5A2-4C0AD82A410A}"
EndProject
Project("{2150E333-8FDC-42A3-9474-1A3956D46DE8}") = "Benchmarks", "Benchmarks", "{3BEA24A0-2072-4434-8376-50C9C8BBF026}"
EndProject
Project("{9A19103F-16F7-4668-BE54-9A1E7A4F7556}") = "Highbyte.DotNet6502.Benchmarks", "benchmarks\Highbyte.DotNet6502.Benchmarks\Highbyte.DotNet6502.Benchmarks.csproj", "{DD5BD304-374C-4968-81C0-9E740C2BB19E}"
EndProject
Project("{9A19103F-16F7-4668-BE54-9A1E7A4F7556}") = "Highbyte.DotNet6502.Systems.Generic", "src\libraries\Highbyte.DotNet6502.Systems.Generic\Highbyte.DotNet6502.Systems.Generic.csproj", "{4E078F4C-9C1B-4C17-A2AE-6BF2345DC791}"
EndProject
Project("{9A19103F-16F7-4668-BE54-9A1E7A4F7556}") = "Highbyte.DotNet6502.Systems.Commodore64", "src\libraries\Highbyte.DotNet6502.Systems.Commodore64\Highbyte.DotNet6502.Systems.Commodore64.csproj", "{A52EFEC2-FD60-453E-AC55-703AD2F2A895}"
EndProject
Project("{FAE04EC0-301F-11D3-BF4B-00C04F79EFBC}") = "Highbyte.DotNet6502.AI", "src\libraries\Highbyte.DotNet6502.AI\Highbyte.DotNet6502.AI.csproj", "{B04E0DA2-F0EB-4E71-BFF9-3D3B17E30688}"
EndProject
Global
	GlobalSection(SolutionConfigurationPlatforms) = preSolution
		Debug|Any CPU = Debug|Any CPU
		Debug|x64 = Debug|x64
		Debug|x86 = Debug|x86
		Release|Any CPU = Release|Any CPU
		Release|x64 = Release|x64
		Release|x86 = Release|x86
	EndGlobalSection
	GlobalSection(ProjectConfigurationPlatforms) = postSolution
		{F613F6C7-F4BF-47F8-86A5-69DF8EDF12B3}.Debug|Any CPU.ActiveCfg = Debug|Any CPU
		{F613F6C7-F4BF-47F8-86A5-69DF8EDF12B3}.Debug|Any CPU.Build.0 = Debug|Any CPU
		{F613F6C7-F4BF-47F8-86A5-69DF8EDF12B3}.Debug|x64.ActiveCfg = Debug|Any CPU
		{F613F6C7-F4BF-47F8-86A5-69DF8EDF12B3}.Debug|x64.Build.0 = Debug|Any CPU
		{F613F6C7-F4BF-47F8-86A5-69DF8EDF12B3}.Debug|x86.ActiveCfg = Debug|Any CPU
		{F613F6C7-F4BF-47F8-86A5-69DF8EDF12B3}.Debug|x86.Build.0 = Debug|Any CPU
		{F613F6C7-F4BF-47F8-86A5-69DF8EDF12B3}.Release|Any CPU.ActiveCfg = Release|Any CPU
		{F613F6C7-F4BF-47F8-86A5-69DF8EDF12B3}.Release|Any CPU.Build.0 = Release|Any CPU
		{F613F6C7-F4BF-47F8-86A5-69DF8EDF12B3}.Release|x64.ActiveCfg = Release|Any CPU
		{F613F6C7-F4BF-47F8-86A5-69DF8EDF12B3}.Release|x64.Build.0 = Release|Any CPU
		{F613F6C7-F4BF-47F8-86A5-69DF8EDF12B3}.Release|x86.ActiveCfg = Release|Any CPU
		{F613F6C7-F4BF-47F8-86A5-69DF8EDF12B3}.Release|x86.Build.0 = Release|Any CPU
		{3F34C157-0037-4FF1-A1F8-F0ECBE1CD616}.Debug|Any CPU.ActiveCfg = Debug|Any CPU
		{3F34C157-0037-4FF1-A1F8-F0ECBE1CD616}.Debug|Any CPU.Build.0 = Debug|Any CPU
		{3F34C157-0037-4FF1-A1F8-F0ECBE1CD616}.Debug|x64.ActiveCfg = Debug|Any CPU
		{3F34C157-0037-4FF1-A1F8-F0ECBE1CD616}.Debug|x64.Build.0 = Debug|Any CPU
		{3F34C157-0037-4FF1-A1F8-F0ECBE1CD616}.Debug|x86.ActiveCfg = Debug|Any CPU
		{3F34C157-0037-4FF1-A1F8-F0ECBE1CD616}.Debug|x86.Build.0 = Debug|Any CPU
		{3F34C157-0037-4FF1-A1F8-F0ECBE1CD616}.Release|Any CPU.ActiveCfg = Release|Any CPU
		{3F34C157-0037-4FF1-A1F8-F0ECBE1CD616}.Release|Any CPU.Build.0 = Release|Any CPU
		{3F34C157-0037-4FF1-A1F8-F0ECBE1CD616}.Release|x64.ActiveCfg = Release|Any CPU
		{3F34C157-0037-4FF1-A1F8-F0ECBE1CD616}.Release|x64.Build.0 = Release|Any CPU
		{3F34C157-0037-4FF1-A1F8-F0ECBE1CD616}.Release|x86.ActiveCfg = Release|Any CPU
		{3F34C157-0037-4FF1-A1F8-F0ECBE1CD616}.Release|x86.Build.0 = Release|Any CPU
		{7DB04936-7428-4740-813A-A77492BDF351}.Debug|Any CPU.ActiveCfg = Debug|Any CPU
		{7DB04936-7428-4740-813A-A77492BDF351}.Debug|Any CPU.Build.0 = Debug|Any CPU
		{7DB04936-7428-4740-813A-A77492BDF351}.Debug|x64.ActiveCfg = Debug|Any CPU
		{7DB04936-7428-4740-813A-A77492BDF351}.Debug|x64.Build.0 = Debug|Any CPU
		{7DB04936-7428-4740-813A-A77492BDF351}.Debug|x86.ActiveCfg = Debug|Any CPU
		{7DB04936-7428-4740-813A-A77492BDF351}.Debug|x86.Build.0 = Debug|Any CPU
		{7DB04936-7428-4740-813A-A77492BDF351}.Release|Any CPU.ActiveCfg = Release|Any CPU
		{7DB04936-7428-4740-813A-A77492BDF351}.Release|Any CPU.Build.0 = Release|Any CPU
		{7DB04936-7428-4740-813A-A77492BDF351}.Release|x64.ActiveCfg = Release|Any CPU
		{7DB04936-7428-4740-813A-A77492BDF351}.Release|x64.Build.0 = Release|Any CPU
		{7DB04936-7428-4740-813A-A77492BDF351}.Release|x86.ActiveCfg = Release|Any CPU
		{7DB04936-7428-4740-813A-A77492BDF351}.Release|x86.Build.0 = Release|Any CPU
		{43B47E3B-B193-49DE-9CC8-2660DAA0ABD2}.Debug|Any CPU.ActiveCfg = Debug|Any CPU
		{43B47E3B-B193-49DE-9CC8-2660DAA0ABD2}.Debug|Any CPU.Build.0 = Debug|Any CPU
		{43B47E3B-B193-49DE-9CC8-2660DAA0ABD2}.Debug|x64.ActiveCfg = Debug|Any CPU
		{43B47E3B-B193-49DE-9CC8-2660DAA0ABD2}.Debug|x64.Build.0 = Debug|Any CPU
		{43B47E3B-B193-49DE-9CC8-2660DAA0ABD2}.Debug|x86.ActiveCfg = Debug|Any CPU
		{43B47E3B-B193-49DE-9CC8-2660DAA0ABD2}.Debug|x86.Build.0 = Debug|Any CPU
		{43B47E3B-B193-49DE-9CC8-2660DAA0ABD2}.Release|Any CPU.ActiveCfg = Release|Any CPU
		{43B47E3B-B193-49DE-9CC8-2660DAA0ABD2}.Release|Any CPU.Build.0 = Release|Any CPU
		{43B47E3B-B193-49DE-9CC8-2660DAA0ABD2}.Release|x64.ActiveCfg = Release|Any CPU
		{43B47E3B-B193-49DE-9CC8-2660DAA0ABD2}.Release|x64.Build.0 = Release|Any CPU
		{43B47E3B-B193-49DE-9CC8-2660DAA0ABD2}.Release|x86.ActiveCfg = Release|Any CPU
		{43B47E3B-B193-49DE-9CC8-2660DAA0ABD2}.Release|x86.Build.0 = Release|Any CPU
		{C0E90430-6187-4D64-B1A8-E0C1FEBB2DF7}.Debug|Any CPU.ActiveCfg = Debug|Any CPU
		{C0E90430-6187-4D64-B1A8-E0C1FEBB2DF7}.Debug|Any CPU.Build.0 = Debug|Any CPU
		{C0E90430-6187-4D64-B1A8-E0C1FEBB2DF7}.Debug|x64.ActiveCfg = Debug|Any CPU
		{C0E90430-6187-4D64-B1A8-E0C1FEBB2DF7}.Debug|x64.Build.0 = Debug|Any CPU
		{C0E90430-6187-4D64-B1A8-E0C1FEBB2DF7}.Debug|x86.ActiveCfg = Debug|Any CPU
		{C0E90430-6187-4D64-B1A8-E0C1FEBB2DF7}.Debug|x86.Build.0 = Debug|Any CPU
		{C0E90430-6187-4D64-B1A8-E0C1FEBB2DF7}.Release|Any CPU.ActiveCfg = Release|Any CPU
		{C0E90430-6187-4D64-B1A8-E0C1FEBB2DF7}.Release|Any CPU.Build.0 = Release|Any CPU
		{C0E90430-6187-4D64-B1A8-E0C1FEBB2DF7}.Release|x64.ActiveCfg = Release|Any CPU
		{C0E90430-6187-4D64-B1A8-E0C1FEBB2DF7}.Release|x64.Build.0 = Release|Any CPU
		{C0E90430-6187-4D64-B1A8-E0C1FEBB2DF7}.Release|x86.ActiveCfg = Release|Any CPU
		{C0E90430-6187-4D64-B1A8-E0C1FEBB2DF7}.Release|x86.Build.0 = Release|Any CPU
		{B1320CAC-9AFC-4293-BF7F-8ACD14F5B4F1}.Debug|Any CPU.ActiveCfg = Debug|Any CPU
		{B1320CAC-9AFC-4293-BF7F-8ACD14F5B4F1}.Debug|Any CPU.Build.0 = Debug|Any CPU
		{B1320CAC-9AFC-4293-BF7F-8ACD14F5B4F1}.Debug|x64.ActiveCfg = Debug|Any CPU
		{B1320CAC-9AFC-4293-BF7F-8ACD14F5B4F1}.Debug|x64.Build.0 = Debug|Any CPU
		{B1320CAC-9AFC-4293-BF7F-8ACD14F5B4F1}.Debug|x86.ActiveCfg = Debug|Any CPU
		{B1320CAC-9AFC-4293-BF7F-8ACD14F5B4F1}.Debug|x86.Build.0 = Debug|Any CPU
		{B1320CAC-9AFC-4293-BF7F-8ACD14F5B4F1}.Release|Any CPU.ActiveCfg = Release|Any CPU
		{B1320CAC-9AFC-4293-BF7F-8ACD14F5B4F1}.Release|Any CPU.Build.0 = Release|Any CPU
		{B1320CAC-9AFC-4293-BF7F-8ACD14F5B4F1}.Release|x64.ActiveCfg = Release|Any CPU
		{B1320CAC-9AFC-4293-BF7F-8ACD14F5B4F1}.Release|x64.Build.0 = Release|Any CPU
		{B1320CAC-9AFC-4293-BF7F-8ACD14F5B4F1}.Release|x86.ActiveCfg = Release|Any CPU
		{B1320CAC-9AFC-4293-BF7F-8ACD14F5B4F1}.Release|x86.Build.0 = Release|Any CPU
		{CC928CD4-726D-443F-B6C6-1149511AA4BE}.Debug|Any CPU.ActiveCfg = Debug|Any CPU
		{CC928CD4-726D-443F-B6C6-1149511AA4BE}.Debug|Any CPU.Build.0 = Debug|Any CPU
		{CC928CD4-726D-443F-B6C6-1149511AA4BE}.Debug|x64.ActiveCfg = Debug|Any CPU
		{CC928CD4-726D-443F-B6C6-1149511AA4BE}.Debug|x64.Build.0 = Debug|Any CPU
		{CC928CD4-726D-443F-B6C6-1149511AA4BE}.Debug|x86.ActiveCfg = Debug|Any CPU
		{CC928CD4-726D-443F-B6C6-1149511AA4BE}.Debug|x86.Build.0 = Debug|Any CPU
		{CC928CD4-726D-443F-B6C6-1149511AA4BE}.Release|Any CPU.ActiveCfg = Release|Any CPU
		{CC928CD4-726D-443F-B6C6-1149511AA4BE}.Release|Any CPU.Build.0 = Release|Any CPU
		{CC928CD4-726D-443F-B6C6-1149511AA4BE}.Release|x64.ActiveCfg = Release|Any CPU
		{CC928CD4-726D-443F-B6C6-1149511AA4BE}.Release|x64.Build.0 = Release|Any CPU
		{CC928CD4-726D-443F-B6C6-1149511AA4BE}.Release|x86.ActiveCfg = Release|Any CPU
		{CC928CD4-726D-443F-B6C6-1149511AA4BE}.Release|x86.Build.0 = Release|Any CPU
		{5B5CB1AE-3633-4431-8919-7AA5DD2F37CE}.Debug|Any CPU.ActiveCfg = Debug|Any CPU
		{5B5CB1AE-3633-4431-8919-7AA5DD2F37CE}.Debug|Any CPU.Build.0 = Debug|Any CPU
		{5B5CB1AE-3633-4431-8919-7AA5DD2F37CE}.Debug|x64.ActiveCfg = Debug|Any CPU
		{5B5CB1AE-3633-4431-8919-7AA5DD2F37CE}.Debug|x64.Build.0 = Debug|Any CPU
		{5B5CB1AE-3633-4431-8919-7AA5DD2F37CE}.Debug|x86.ActiveCfg = Debug|Any CPU
		{5B5CB1AE-3633-4431-8919-7AA5DD2F37CE}.Debug|x86.Build.0 = Debug|Any CPU
		{5B5CB1AE-3633-4431-8919-7AA5DD2F37CE}.Release|Any CPU.ActiveCfg = Release|Any CPU
		{5B5CB1AE-3633-4431-8919-7AA5DD2F37CE}.Release|Any CPU.Build.0 = Release|Any CPU
		{5B5CB1AE-3633-4431-8919-7AA5DD2F37CE}.Release|x64.ActiveCfg = Release|Any CPU
		{5B5CB1AE-3633-4431-8919-7AA5DD2F37CE}.Release|x64.Build.0 = Release|Any CPU
		{5B5CB1AE-3633-4431-8919-7AA5DD2F37CE}.Release|x86.ActiveCfg = Release|Any CPU
		{5B5CB1AE-3633-4431-8919-7AA5DD2F37CE}.Release|x86.Build.0 = Release|Any CPU
		{3E070BB0-52CD-4B6B-ADE0-723C4F1AA847}.Debug|Any CPU.ActiveCfg = Debug|Any CPU
		{3E070BB0-52CD-4B6B-ADE0-723C4F1AA847}.Debug|Any CPU.Build.0 = Debug|Any CPU
		{3E070BB0-52CD-4B6B-ADE0-723C4F1AA847}.Debug|x64.ActiveCfg = Debug|Any CPU
		{3E070BB0-52CD-4B6B-ADE0-723C4F1AA847}.Debug|x64.Build.0 = Debug|Any CPU
		{3E070BB0-52CD-4B6B-ADE0-723C4F1AA847}.Debug|x86.ActiveCfg = Debug|Any CPU
		{3E070BB0-52CD-4B6B-ADE0-723C4F1AA847}.Debug|x86.Build.0 = Debug|Any CPU
		{3E070BB0-52CD-4B6B-ADE0-723C4F1AA847}.Release|Any CPU.ActiveCfg = Release|Any CPU
		{3E070BB0-52CD-4B6B-ADE0-723C4F1AA847}.Release|Any CPU.Build.0 = Release|Any CPU
		{3E070BB0-52CD-4B6B-ADE0-723C4F1AA847}.Release|x64.ActiveCfg = Release|Any CPU
		{3E070BB0-52CD-4B6B-ADE0-723C4F1AA847}.Release|x64.Build.0 = Release|Any CPU
		{3E070BB0-52CD-4B6B-ADE0-723C4F1AA847}.Release|x86.ActiveCfg = Release|Any CPU
		{3E070BB0-52CD-4B6B-ADE0-723C4F1AA847}.Release|x86.Build.0 = Release|Any CPU
		{348D11D6-BEE9-434F-8B1B-14D79F93959C}.Debug|Any CPU.ActiveCfg = Debug|Any CPU
		{348D11D6-BEE9-434F-8B1B-14D79F93959C}.Debug|Any CPU.Build.0 = Debug|Any CPU
		{348D11D6-BEE9-434F-8B1B-14D79F93959C}.Debug|x64.ActiveCfg = Debug|Any CPU
		{348D11D6-BEE9-434F-8B1B-14D79F93959C}.Debug|x64.Build.0 = Debug|Any CPU
		{348D11D6-BEE9-434F-8B1B-14D79F93959C}.Debug|x86.ActiveCfg = Debug|Any CPU
		{348D11D6-BEE9-434F-8B1B-14D79F93959C}.Debug|x86.Build.0 = Debug|Any CPU
		{348D11D6-BEE9-434F-8B1B-14D79F93959C}.Release|Any CPU.ActiveCfg = Release|Any CPU
		{348D11D6-BEE9-434F-8B1B-14D79F93959C}.Release|Any CPU.Build.0 = Release|Any CPU
		{348D11D6-BEE9-434F-8B1B-14D79F93959C}.Release|x64.ActiveCfg = Release|Any CPU
		{348D11D6-BEE9-434F-8B1B-14D79F93959C}.Release|x64.Build.0 = Release|Any CPU
		{348D11D6-BEE9-434F-8B1B-14D79F93959C}.Release|x86.ActiveCfg = Release|Any CPU
		{348D11D6-BEE9-434F-8B1B-14D79F93959C}.Release|x86.Build.0 = Release|Any CPU
		{3D294AEE-7CC1-4A68-96E1-120A90765520}.Debug|Any CPU.ActiveCfg = Debug|Any CPU
		{3D294AEE-7CC1-4A68-96E1-120A90765520}.Debug|Any CPU.Build.0 = Debug|Any CPU
		{3D294AEE-7CC1-4A68-96E1-120A90765520}.Debug|x64.ActiveCfg = Debug|Any CPU
		{3D294AEE-7CC1-4A68-96E1-120A90765520}.Debug|x64.Build.0 = Debug|Any CPU
		{3D294AEE-7CC1-4A68-96E1-120A90765520}.Debug|x86.ActiveCfg = Debug|Any CPU
		{3D294AEE-7CC1-4A68-96E1-120A90765520}.Debug|x86.Build.0 = Debug|Any CPU
		{3D294AEE-7CC1-4A68-96E1-120A90765520}.Release|Any CPU.ActiveCfg = Release|Any CPU
		{3D294AEE-7CC1-4A68-96E1-120A90765520}.Release|Any CPU.Build.0 = Release|Any CPU
		{3D294AEE-7CC1-4A68-96E1-120A90765520}.Release|x64.ActiveCfg = Release|Any CPU
		{3D294AEE-7CC1-4A68-96E1-120A90765520}.Release|x64.Build.0 = Release|Any CPU
		{3D294AEE-7CC1-4A68-96E1-120A90765520}.Release|x86.ActiveCfg = Release|Any CPU
		{3D294AEE-7CC1-4A68-96E1-120A90765520}.Release|x86.Build.0 = Release|Any CPU
		{5A8F9051-A33E-426C-BE43-BC01CF3E0164}.Debug|Any CPU.ActiveCfg = Debug|Any CPU
		{5A8F9051-A33E-426C-BE43-BC01CF3E0164}.Debug|Any CPU.Build.0 = Debug|Any CPU
		{5A8F9051-A33E-426C-BE43-BC01CF3E0164}.Debug|x64.ActiveCfg = Debug|Any CPU
		{5A8F9051-A33E-426C-BE43-BC01CF3E0164}.Debug|x64.Build.0 = Debug|Any CPU
		{5A8F9051-A33E-426C-BE43-BC01CF3E0164}.Debug|x86.ActiveCfg = Debug|Any CPU
		{5A8F9051-A33E-426C-BE43-BC01CF3E0164}.Debug|x86.Build.0 = Debug|Any CPU
		{5A8F9051-A33E-426C-BE43-BC01CF3E0164}.Release|Any CPU.ActiveCfg = Release|Any CPU
		{5A8F9051-A33E-426C-BE43-BC01CF3E0164}.Release|Any CPU.Build.0 = Release|Any CPU
		{5A8F9051-A33E-426C-BE43-BC01CF3E0164}.Release|x64.ActiveCfg = Release|Any CPU
		{5A8F9051-A33E-426C-BE43-BC01CF3E0164}.Release|x64.Build.0 = Release|Any CPU
		{5A8F9051-A33E-426C-BE43-BC01CF3E0164}.Release|x86.ActiveCfg = Release|Any CPU
		{5A8F9051-A33E-426C-BE43-BC01CF3E0164}.Release|x86.Build.0 = Release|Any CPU
		{2C17DDAA-CC97-4777-96A5-37B9A74FAB6B}.Debug|Any CPU.ActiveCfg = Debug|Any CPU
		{2C17DDAA-CC97-4777-96A5-37B9A74FAB6B}.Debug|Any CPU.Build.0 = Debug|Any CPU
		{2C17DDAA-CC97-4777-96A5-37B9A74FAB6B}.Debug|x64.ActiveCfg = Debug|Any CPU
		{2C17DDAA-CC97-4777-96A5-37B9A74FAB6B}.Debug|x64.Build.0 = Debug|Any CPU
		{2C17DDAA-CC97-4777-96A5-37B9A74FAB6B}.Debug|x86.ActiveCfg = Debug|Any CPU
		{2C17DDAA-CC97-4777-96A5-37B9A74FAB6B}.Debug|x86.Build.0 = Debug|Any CPU
		{2C17DDAA-CC97-4777-96A5-37B9A74FAB6B}.Release|Any CPU.ActiveCfg = Release|Any CPU
		{2C17DDAA-CC97-4777-96A5-37B9A74FAB6B}.Release|Any CPU.Build.0 = Release|Any CPU
		{2C17DDAA-CC97-4777-96A5-37B9A74FAB6B}.Release|x64.ActiveCfg = Release|Any CPU
		{2C17DDAA-CC97-4777-96A5-37B9A74FAB6B}.Release|x64.Build.0 = Release|Any CPU
		{2C17DDAA-CC97-4777-96A5-37B9A74FAB6B}.Release|x86.ActiveCfg = Release|Any CPU
		{2C17DDAA-CC97-4777-96A5-37B9A74FAB6B}.Release|x86.Build.0 = Release|Any CPU
		{4658789F-F449-4D13-B71D-AA5A12FC298B}.Debug|Any CPU.ActiveCfg = Debug|Any CPU
		{4658789F-F449-4D13-B71D-AA5A12FC298B}.Debug|Any CPU.Build.0 = Debug|Any CPU
		{4658789F-F449-4D13-B71D-AA5A12FC298B}.Debug|x64.ActiveCfg = Debug|Any CPU
		{4658789F-F449-4D13-B71D-AA5A12FC298B}.Debug|x64.Build.0 = Debug|Any CPU
		{4658789F-F449-4D13-B71D-AA5A12FC298B}.Debug|x86.ActiveCfg = Debug|Any CPU
		{4658789F-F449-4D13-B71D-AA5A12FC298B}.Debug|x86.Build.0 = Debug|Any CPU
		{4658789F-F449-4D13-B71D-AA5A12FC298B}.Release|Any CPU.ActiveCfg = Release|Any CPU
		{4658789F-F449-4D13-B71D-AA5A12FC298B}.Release|Any CPU.Build.0 = Release|Any CPU
		{4658789F-F449-4D13-B71D-AA5A12FC298B}.Release|x64.ActiveCfg = Release|Any CPU
		{4658789F-F449-4D13-B71D-AA5A12FC298B}.Release|x64.Build.0 = Release|Any CPU
		{4658789F-F449-4D13-B71D-AA5A12FC298B}.Release|x86.ActiveCfg = Release|Any CPU
		{4658789F-F449-4D13-B71D-AA5A12FC298B}.Release|x86.Build.0 = Release|Any CPU
		{DD5BD304-374C-4968-81C0-9E740C2BB19E}.Debug|Any CPU.ActiveCfg = Debug|Any CPU
		{DD5BD304-374C-4968-81C0-9E740C2BB19E}.Debug|Any CPU.Build.0 = Debug|Any CPU
		{DD5BD304-374C-4968-81C0-9E740C2BB19E}.Debug|x64.ActiveCfg = Debug|Any CPU
		{DD5BD304-374C-4968-81C0-9E740C2BB19E}.Debug|x64.Build.0 = Debug|Any CPU
		{DD5BD304-374C-4968-81C0-9E740C2BB19E}.Debug|x86.ActiveCfg = Debug|Any CPU
		{DD5BD304-374C-4968-81C0-9E740C2BB19E}.Debug|x86.Build.0 = Debug|Any CPU
		{DD5BD304-374C-4968-81C0-9E740C2BB19E}.Release|Any CPU.ActiveCfg = Release|Any CPU
		{DD5BD304-374C-4968-81C0-9E740C2BB19E}.Release|Any CPU.Build.0 = Release|Any CPU
		{DD5BD304-374C-4968-81C0-9E740C2BB19E}.Release|x64.ActiveCfg = Release|Any CPU
		{DD5BD304-374C-4968-81C0-9E740C2BB19E}.Release|x64.Build.0 = Release|Any CPU
		{DD5BD304-374C-4968-81C0-9E740C2BB19E}.Release|x86.ActiveCfg = Release|Any CPU
		{DD5BD304-374C-4968-81C0-9E740C2BB19E}.Release|x86.Build.0 = Release|Any CPU
		{4E078F4C-9C1B-4C17-A2AE-6BF2345DC791}.Debug|Any CPU.ActiveCfg = Debug|Any CPU
		{4E078F4C-9C1B-4C17-A2AE-6BF2345DC791}.Debug|Any CPU.Build.0 = Debug|Any CPU
		{4E078F4C-9C1B-4C17-A2AE-6BF2345DC791}.Debug|x64.ActiveCfg = Debug|Any CPU
		{4E078F4C-9C1B-4C17-A2AE-6BF2345DC791}.Debug|x64.Build.0 = Debug|Any CPU
		{4E078F4C-9C1B-4C17-A2AE-6BF2345DC791}.Debug|x86.ActiveCfg = Debug|Any CPU
		{4E078F4C-9C1B-4C17-A2AE-6BF2345DC791}.Debug|x86.Build.0 = Debug|Any CPU
		{4E078F4C-9C1B-4C17-A2AE-6BF2345DC791}.Release|Any CPU.ActiveCfg = Release|Any CPU
		{4E078F4C-9C1B-4C17-A2AE-6BF2345DC791}.Release|Any CPU.Build.0 = Release|Any CPU
		{4E078F4C-9C1B-4C17-A2AE-6BF2345DC791}.Release|x64.ActiveCfg = Release|Any CPU
		{4E078F4C-9C1B-4C17-A2AE-6BF2345DC791}.Release|x64.Build.0 = Release|Any CPU
		{4E078F4C-9C1B-4C17-A2AE-6BF2345DC791}.Release|x86.ActiveCfg = Release|Any CPU
		{4E078F4C-9C1B-4C17-A2AE-6BF2345DC791}.Release|x86.Build.0 = Release|Any CPU
		{A52EFEC2-FD60-453E-AC55-703AD2F2A895}.Debug|Any CPU.ActiveCfg = Debug|Any CPU
		{A52EFEC2-FD60-453E-AC55-703AD2F2A895}.Debug|Any CPU.Build.0 = Debug|Any CPU
		{A52EFEC2-FD60-453E-AC55-703AD2F2A895}.Debug|x64.ActiveCfg = Debug|Any CPU
		{A52EFEC2-FD60-453E-AC55-703AD2F2A895}.Debug|x64.Build.0 = Debug|Any CPU
		{A52EFEC2-FD60-453E-AC55-703AD2F2A895}.Debug|x86.ActiveCfg = Debug|Any CPU
		{A52EFEC2-FD60-453E-AC55-703AD2F2A895}.Debug|x86.Build.0 = Debug|Any CPU
		{A52EFEC2-FD60-453E-AC55-703AD2F2A895}.Release|Any CPU.ActiveCfg = Release|Any CPU
		{A52EFEC2-FD60-453E-AC55-703AD2F2A895}.Release|Any CPU.Build.0 = Release|Any CPU
		{A52EFEC2-FD60-453E-AC55-703AD2F2A895}.Release|x64.ActiveCfg = Release|Any CPU
		{A52EFEC2-FD60-453E-AC55-703AD2F2A895}.Release|x64.Build.0 = Release|Any CPU
		{A52EFEC2-FD60-453E-AC55-703AD2F2A895}.Release|x86.ActiveCfg = Release|Any CPU
		{A52EFEC2-FD60-453E-AC55-703AD2F2A895}.Release|x86.Build.0 = Release|Any CPU
		{B04E0DA2-F0EB-4E71-BFF9-3D3B17E30688}.Debug|Any CPU.ActiveCfg = Debug|Any CPU
		{B04E0DA2-F0EB-4E71-BFF9-3D3B17E30688}.Debug|Any CPU.Build.0 = Debug|Any CPU
		{B04E0DA2-F0EB-4E71-BFF9-3D3B17E30688}.Debug|x64.ActiveCfg = Debug|Any CPU
		{B04E0DA2-F0EB-4E71-BFF9-3D3B17E30688}.Debug|x64.Build.0 = Debug|Any CPU
		{B04E0DA2-F0EB-4E71-BFF9-3D3B17E30688}.Debug|x86.ActiveCfg = Debug|Any CPU
		{B04E0DA2-F0EB-4E71-BFF9-3D3B17E30688}.Debug|x86.Build.0 = Debug|Any CPU
		{B04E0DA2-F0EB-4E71-BFF9-3D3B17E30688}.Release|Any CPU.ActiveCfg = Release|Any CPU
		{B04E0DA2-F0EB-4E71-BFF9-3D3B17E30688}.Release|Any CPU.Build.0 = Release|Any CPU
		{B04E0DA2-F0EB-4E71-BFF9-3D3B17E30688}.Release|x64.ActiveCfg = Release|Any CPU
		{B04E0DA2-F0EB-4E71-BFF9-3D3B17E30688}.Release|x64.Build.0 = Release|Any CPU
		{B04E0DA2-F0EB-4E71-BFF9-3D3B17E30688}.Release|x86.ActiveCfg = Release|Any CPU
		{B04E0DA2-F0EB-4E71-BFF9-3D3B17E30688}.Release|x86.Build.0 = Release|Any CPU
	EndGlobalSection
	GlobalSection(SolutionProperties) = preSolution
		HideSolutionNode = FALSE
	EndGlobalSection
	GlobalSection(NestedProjects) = preSolution
		{F613F6C7-F4BF-47F8-86A5-69DF8EDF12B3} = {B406AD5D-CB8D-45F2-A5A2-4C0AD82A410A}
		{3F34C157-0037-4FF1-A1F8-F0ECBE1CD616} = {B406AD5D-CB8D-45F2-A5A2-4C0AD82A410A}
		{7DB04936-7428-4740-813A-A77492BDF351} = {B406AD5D-CB8D-45F2-A5A2-4C0AD82A410A}
		{43B47E3B-B193-49DE-9CC8-2660DAA0ABD2} = {B406AD5D-CB8D-45F2-A5A2-4C0AD82A410A}
		{C0E90430-6187-4D64-B1A8-E0C1FEBB2DF7} = {B406AD5D-CB8D-45F2-A5A2-4C0AD82A410A}
		{B1320CAC-9AFC-4293-BF7F-8ACD14F5B4F1} = {179A14B2-B918-4B64-8314-3551D83551D0}
		{CC928CD4-726D-443F-B6C6-1149511AA4BE} = {B406AD5D-CB8D-45F2-A5A2-4C0AD82A410A}
		{5B5CB1AE-3633-4431-8919-7AA5DD2F37CE} = {179A14B2-B918-4B64-8314-3551D83551D0}
		{3E070BB0-52CD-4B6B-ADE0-723C4F1AA847} = {179A14B2-B918-4B64-8314-3551D83551D0}
		{348D11D6-BEE9-434F-8B1B-14D79F93959C} = {B406AD5D-CB8D-45F2-A5A2-4C0AD82A410A}
		{3D294AEE-7CC1-4A68-96E1-120A90765520} = {179A14B2-B918-4B64-8314-3551D83551D0}
		{5A8F9051-A33E-426C-BE43-BC01CF3E0164} = {D7D2C567-4FB5-48D1-BEBF-6B7EE21893FC}
		{2C17DDAA-CC97-4777-96A5-37B9A74FAB6B} = {D7D2C567-4FB5-48D1-BEBF-6B7EE21893FC}
		{4658789F-F449-4D13-B71D-AA5A12FC298B} = {B406AD5D-CB8D-45F2-A5A2-4C0AD82A410A}
		{DD5BD304-374C-4968-81C0-9E740C2BB19E} = {3BEA24A0-2072-4434-8376-50C9C8BBF026}
		{4E078F4C-9C1B-4C17-A2AE-6BF2345DC791} = {B406AD5D-CB8D-45F2-A5A2-4C0AD82A410A}
		{A52EFEC2-FD60-453E-AC55-703AD2F2A895} = {B406AD5D-CB8D-45F2-A5A2-4C0AD82A410A}
		{B04E0DA2-F0EB-4E71-BFF9-3D3B17E30688} = {B406AD5D-CB8D-45F2-A5A2-4C0AD82A410A}
	EndGlobalSection
	GlobalSection(ExtensibilityGlobals) = postSolution
		SolutionGuid = {0F55B6C2-E4B4-4F2C-9D2A-D63A17F3B5C4}
	EndGlobalSection
EndGlobal
