
Microsoft Visual Studio Solution File, Format Version 12.00
# Visual Studio Version 17
VisualStudioVersion = 17.0.31903.59
MinimumVisualStudioVersion = 10.0.40219.1
Project("{9A19103F-16F7-4668-BE54-9A1E7A4F7556}") = "BlazorWasmSkiaTest", "BlazorWasmSkiaTest.csproj", "{41C81D23-C130-47DC-B741-4F4D134CE003}"
EndProject
Global
	GlobalSection(SolutionConfigurationPlatforms) = preSolution
		Debug|Any CPU = Debug|Any CPU
		Release|Any CPU = Release|Any CPU
	EndGlobalSection
	GlobalSection(ProjectConfigurationPlatforms) = postSolution
		{41C81D23-C130-47DC-B741-4F4D134CE003}.Debug|Any CPU.ActiveCfg = Debug|Any CPU
		{41C81D23-C130-47DC-B741-4F4D134CE003}.Debug|Any CPU.Build.0 = Debug|Any CPU
		{41C81D23-C130-47DC-B741-4F4D134CE003}.Release|Any CPU.ActiveCfg = Release|Any CPU
		{41C81D23-C130-47DC-B741-4F4D134CE003}.Release|Any CPU.Build.0 = Release|Any CPU
	EndGlobalSection
	GlobalSection(SolutionProperties) = preSolution
		HideSolutionNode = FALSE
	EndGlobalSection
	GlobalSection(ExtensibilityGlobals) = postSolution
		SolutionGuid = {60EEAAA6-9D93-4957-9663-11304A1550A8}
	EndGlobalSection
EndGlobal
