
Microsoft Visual Studio Solution File, Format Version 12.00
# Visual Studio Version 17
VisualStudioVersion = 17.1.32228.430
MinimumVisualStudioVersion = 15.0.26124.0
Project("{9A19103F-16F7-4668-BE54-9A1E7A4F7556}") = "Highbyte.DotNet6502", "..\Highbyte.DotNet6502\Highbyte.DotNet6502.csproj", "{F613F6C7-F4BF-47F8-86A5-69DF8EDF12B3}"
EndProject
Project("{9A19103F-16F7-4668-BE54-9A1E7A4F7556}") = "Highbyte.DotNet6502.Tests", "..\Highbyte.DotNet6502.Tests\Highbyte.DotNet6502.Tests.csproj", "{4C634415-8E21-4813-A40C-E19025C300D4}"
EndProject
Project("{9A19103F-16F7-4668-BE54-9A1E7A4F7556}") = "ConsoleTestPrograms", "ConsoleTestPrograms\ConsoleTestPrograms.csproj", "{B5BA78CE-B37C-4644-936C-4AAB4C5494A7}"
EndProject
Project("{2150E333-8FDC-42A3-9474-1A3956D46DE8}") = "Examples", "Examples", "{588A47B5-B723-4B4F-A05F-D26A684B5E25}"
EndProject
Project("{9A19103F-16F7-4668-BE54-9A1E7A4F7556}") = "BlazorWasmTest", "BlazorWasmTest\BlazorWasmTest.csproj", "{DD12665D-24D3-4938-9757-B5D3ED254563}"
EndProject
Project("{9A19103F-16F7-4668-BE54-9A1E7A4F7556}") = "Highbyte.DotNet6502.Systems", "..\Highbyte.DotNet6502.Systems\Highbyte.DotNet6502.Systems.csproj", "{127A9553-17C4-407D-9B9E-486FAFAACFA3}"
EndProject
Project("{2150E333-8FDC-42A3-9474-1A3956D46DE8}") = "Impl", "Impl", "{6430B62F-00CD-47AB-AB6E-7F65415921DB}"
EndProject
Project("{9A19103F-16F7-4668-BE54-9A1E7A4F7556}") = "Highbyte.DotNet6502.Impl.Skia", "..\Highbyte.DotNet6502.Impl\Highbyte.DotNet6502.Impl.Skia\Highbyte.DotNet6502.Impl.Skia.csproj", "{EAF6E615-5895-46EE-B396-51EF14E0461B}"
EndProject
Project("{9A19103F-16F7-4668-BE54-9A1E7A4F7556}") = "Highbyte.DotNet6502.Impl.SilkNet", "..\Highbyte.DotNet6502.Impl\Highbyte.DotNet6502.Impl.SilkNet\Highbyte.DotNet6502.Impl.SilkNet.csproj", "{D7DF99BE-B47A-493C-A5BD-D2A1B55793F2}"
EndProject
Project("{9A19103F-16F7-4668-BE54-9A1E7A4F7556}") = "Highbyte.DotNet6502.Impl.SadConsole", "..\Highbyte.DotNet6502.Impl\Highbyte.DotNet6502.Impl.SadConsole\Highbyte.DotNet6502.Impl.SadConsole.csproj", "{A34EA000-0FC9-46E7-B4B2-0F7E6CB04367}"
EndProject
Project("{9A19103F-16F7-4668-BE54-9A1E7A4F7556}") = "Highbyte.DotNet6502.Impl.AspNet", "..\Highbyte.DotNet6502.Impl\Highbyte.DotNet6502.Impl.AspNet\Highbyte.DotNet6502.Impl.AspNet.csproj", "{6B45E308-63B7-44F2-9C1B-D7B9EDBC9F7D}"
EndProject
Project("{9A19103F-16F7-4668-BE54-9A1E7A4F7556}") = "Highbyte.DotNet6502.Monitor", "..\Highbyte.DotNet6502.Monitor\Highbyte.DotNet6502.Monitor.csproj", "{A3405B42-1924-4638-AFD6-50B2425A4038}"
EndProject
Global
	GlobalSection(SolutionConfigurationPlatforms) = preSolution
		Debug|Any CPU = Debug|Any CPU
		Debug|x64 = Debug|x64
		Debug|x86 = Debug|x86
		Release|Any CPU = Release|Any CPU
		Release|x64 = Release|x64
		Release|x86 = Release|x86
	EndGlobalSection
	GlobalSection(ProjectConfigurationPlatforms) = postSolution
		{F613F6C7-F4BF-47F8-86A5-69DF8EDF12B3}.Debug|Any CPU.ActiveCfg = Debug|Any CPU
		{F613F6C7-F4BF-47F8-86A5-69DF8EDF12B3}.Debug|Any CPU.Build.0 = Debug|Any CPU
		{F613F6C7-F4BF-47F8-86A5-69DF8EDF12B3}.Debug|x64.ActiveCfg = Debug|Any CPU
		{F613F6C7-F4BF-47F8-86A5-69DF8EDF12B3}.Debug|x64.Build.0 = Debug|Any CPU
		{F613F6C7-F4BF-47F8-86A5-69DF8EDF12B3}.Debug|x86.ActiveCfg = Debug|Any CPU
		{F613F6C7-F4BF-47F8-86A5-69DF8EDF12B3}.Debug|x86.Build.0 = Debug|Any CPU
		{F613F6C7-F4BF-47F8-86A5-69DF8EDF12B3}.Release|Any CPU.ActiveCfg = Release|Any CPU
		{F613F6C7-F4BF-47F8-86A5-69DF8EDF12B3}.Release|Any CPU.Build.0 = Release|Any CPU
		{F613F6C7-F4BF-47F8-86A5-69DF8EDF12B3}.Release|x64.ActiveCfg = Release|Any CPU
		{F613F6C7-F4BF-47F8-86A5-69DF8EDF12B3}.Release|x64.Build.0 = Release|Any CPU
		{F613F6C7-F4BF-47F8-86A5-69DF8EDF12B3}.Release|x86.ActiveCfg = Release|Any CPU
		{F613F6C7-F4BF-47F8-86A5-69DF8EDF12B3}.Release|x86.Build.0 = Release|Any CPU
		{4C634415-8E21-4813-A40C-E19025C300D4}.Debug|Any CPU.ActiveCfg = Debug|Any CPU
		{4C634415-8E21-4813-A40C-E19025C300D4}.Debug|Any CPU.Build.0 = Debug|Any CPU
		{4C634415-8E21-4813-A40C-E19025C300D4}.Debug|x64.ActiveCfg = Debug|Any CPU
		{4C634415-8E21-4813-A40C-E19025C300D4}.Debug|x64.Build.0 = Debug|Any CPU
		{4C634415-8E21-4813-A40C-E19025C300D4}.Debug|x86.ActiveCfg = Debug|Any CPU
		{4C634415-8E21-4813-A40C-E19025C300D4}.Debug|x86.Build.0 = Debug|Any CPU
		{4C634415-8E21-4813-A40C-E19025C300D4}.Release|Any CPU.ActiveCfg = Release|Any CPU
		{4C634415-8E21-4813-A40C-E19025C300D4}.Release|Any CPU.Build.0 = Release|Any CPU
		{4C634415-8E21-4813-A40C-E19025C300D4}.Release|x64.ActiveCfg = Release|Any CPU
		{4C634415-8E21-4813-A40C-E19025C300D4}.Release|x64.Build.0 = Release|Any CPU
		{4C634415-8E21-4813-A40C-E19025C300D4}.Release|x86.ActiveCfg = Release|Any CPU
		{4C634415-8E21-4813-A40C-E19025C300D4}.Release|x86.Build.0 = Release|Any CPU
		{B5BA78CE-B37C-4644-936C-4AAB4C5494A7}.Debug|Any CPU.ActiveCfg = Debug|Any CPU
		{B5BA78CE-B37C-4644-936C-4AAB4C5494A7}.Debug|Any CPU.Build.0 = Debug|Any CPU
		{B5BA78CE-B37C-4644-936C-4AAB4C5494A7}.Debug|x64.ActiveCfg = Debug|Any CPU
		{B5BA78CE-B37C-4644-936C-4AAB4C5494A7}.Debug|x64.Build.0 = Debug|Any CPU
		{B5BA78CE-B37C-4644-936C-4AAB4C5494A7}.Debug|x86.ActiveCfg = Debug|Any CPU
		{B5BA78CE-B37C-4644-936C-4AAB4C5494A7}.Debug|x86.Build.0 = Debug|Any CPU
		{B5BA78CE-B37C-4644-936C-4AAB4C5494A7}.Release|Any CPU.ActiveCfg = Release|Any CPU
		{B5BA78CE-B37C-4644-936C-4AAB4C5494A7}.Release|Any CPU.Build.0 = Release|Any CPU
		{B5BA78CE-B37C-4644-936C-4AAB4C5494A7}.Release|x64.ActiveCfg = Release|Any CPU
		{B5BA78CE-B37C-4644-936C-4AAB4C5494A7}.Release|x64.Build.0 = Release|Any CPU
		{B5BA78CE-B37C-4644-936C-4AAB4C5494A7}.Release|x86.ActiveCfg = Release|Any CPU
		{B5BA78CE-B37C-4644-936C-4AAB4C5494A7}.Release|x86.Build.0 = Release|Any CPU
		{DD12665D-24D3-4938-9757-B5D3ED254563}.Debug|Any CPU.ActiveCfg = Debug|Any CPU
		{DD12665D-24D3-4938-9757-B5D3ED254563}.Debug|Any CPU.Build.0 = Debug|Any CPU
		{DD12665D-24D3-4938-9757-B5D3ED254563}.Debug|x64.ActiveCfg = Debug|Any CPU
		{DD12665D-24D3-4938-9757-B5D3ED254563}.Debug|x64.Build.0 = Debug|Any CPU
		{DD12665D-24D3-4938-9757-B5D3ED254563}.Debug|x86.ActiveCfg = Debug|Any CPU
		{DD12665D-24D3-4938-9757-B5D3ED254563}.Debug|x86.Build.0 = Debug|Any CPU
		{DD12665D-24D3-4938-9757-B5D3ED254563}.Release|Any CPU.ActiveCfg = Release|Any CPU
		{DD12665D-24D3-4938-9757-B5D3ED254563}.Release|Any CPU.Build.0 = Release|Any CPU
		{DD12665D-24D3-4938-9757-B5D3ED254563}.Release|x64.ActiveCfg = Release|Any CPU
		{DD12665D-24D3-4938-9757-B5D3ED254563}.Release|x64.Build.0 = Release|Any CPU
		{DD12665D-24D3-4938-9757-B5D3ED254563}.Release|x86.ActiveCfg = Release|Any CPU
		{DD12665D-24D3-4938-9757-B5D3ED254563}.Release|x86.Build.0 = Release|Any CPU
		{127A9553-17C4-407D-9B9E-486FAFAACFA3}.Debug|Any CPU.ActiveCfg = Debug|Any CPU
		{127A9553-17C4-407D-9B9E-486FAFAACFA3}.Debug|Any CPU.Build.0 = Debug|Any CPU
		{127A9553-17C4-407D-9B9E-486FAFAACFA3}.Debug|x64.ActiveCfg = Debug|Any CPU
		{127A9553-17C4-407D-9B9E-486FAFAACFA3}.Debug|x64.Build.0 = Debug|Any CPU
		{127A9553-17C4-407D-9B9E-486FAFAACFA3}.Debug|x86.ActiveCfg = Debug|Any CPU
		{127A9553-17C4-407D-9B9E-486FAFAACFA3}.Debug|x86.Build.0 = Debug|Any CPU
		{127A9553-17C4-407D-9B9E-486FAFAACFA3}.Release|Any CPU.ActiveCfg = Release|Any CPU
		{127A9553-17C4-407D-9B9E-486FAFAACFA3}.Release|Any CPU.Build.0 = Release|Any CPU
		{127A9553-17C4-407D-9B9E-486FAFAACFA3}.Release|x64.ActiveCfg = Release|Any CPU
		{127A9553-17C4-407D-9B9E-486FAFAACFA3}.Release|x64.Build.0 = Release|Any CPU
		{127A9553-17C4-407D-9B9E-486FAFAACFA3}.Release|x86.ActiveCfg = Release|Any CPU
		{127A9553-17C4-407D-9B9E-486FAFAACFA3}.Release|x86.Build.0 = Release|Any CPU
		{EAF6E615-5895-46EE-B396-51EF14E0461B}.Debug|Any CPU.ActiveCfg = Debug|Any CPU
		{EAF6E615-5895-46EE-B396-51EF14E0461B}.Debug|Any CPU.Build.0 = Debug|Any CPU
		{EAF6E615-5895-46EE-B396-51EF14E0461B}.Debug|x64.ActiveCfg = Debug|Any CPU
		{EAF6E615-5895-46EE-B396-51EF14E0461B}.Debug|x64.Build.0 = Debug|Any CPU
		{EAF6E615-5895-46EE-B396-51EF14E0461B}.Debug|x86.ActiveCfg = Debug|Any CPU
		{EAF6E615-5895-46EE-B396-51EF14E0461B}.Debug|x86.Build.0 = Debug|Any CPU
		{EAF6E615-5895-46EE-B396-51EF14E0461B}.Release|Any CPU.ActiveCfg = Release|Any CPU
		{EAF6E615-5895-46EE-B396-51EF14E0461B}.Release|Any CPU.Build.0 = Release|Any CPU
		{EAF6E615-5895-46EE-B396-51EF14E0461B}.Release|x64.ActiveCfg = Release|Any CPU
		{EAF6E615-5895-46EE-B396-51EF14E0461B}.Release|x64.Build.0 = Release|Any CPU
		{EAF6E615-5895-46EE-B396-51EF14E0461B}.Release|x86.ActiveCfg = Release|Any CPU
		{EAF6E615-5895-46EE-B396-51EF14E0461B}.Release|x86.Build.0 = Release|Any CPU
		{D7DF99BE-B47A-493C-A5BD-D2A1B55793F2}.Debug|Any CPU.ActiveCfg = Debug|Any CPU
		{D7DF99BE-B47A-493C-A5BD-D2A1B55793F2}.Debug|Any CPU.Build.0 = Debug|Any CPU
		{D7DF99BE-B47A-493C-A5BD-D2A1B55793F2}.Debug|x64.ActiveCfg = Debug|Any CPU
		{D7DF99BE-B47A-493C-A5BD-D2A1B55793F2}.Debug|x64.Build.0 = Debug|Any CPU
		{D7DF99BE-B47A-493C-A5BD-D2A1B55793F2}.Debug|x86.ActiveCfg = Debug|Any CPU
		{D7DF99BE-B47A-493C-A5BD-D2A1B55793F2}.Debug|x86.Build.0 = Debug|Any CPU
		{D7DF99BE-B47A-493C-A5BD-D2A1B55793F2}.Release|Any CPU.ActiveCfg = Release|Any CPU
		{D7DF99BE-B47A-493C-A5BD-D2A1B55793F2}.Release|Any CPU.Build.0 = Release|Any CPU
		{D7DF99BE-B47A-493C-A5BD-D2A1B55793F2}.Release|x64.ActiveCfg = Release|Any CPU
		{D7DF99BE-B47A-493C-A5BD-D2A1B55793F2}.Release|x64.Build.0 = Release|Any CPU
		{D7DF99BE-B47A-493C-A5BD-D2A1B55793F2}.Release|x86.ActiveCfg = Release|Any CPU
		{D7DF99BE-B47A-493C-A5BD-D2A1B55793F2}.Release|x86.Build.0 = Release|Any CPU
		{A34EA000-0FC9-46E7-B4B2-0F7E6CB04367}.Debug|Any CPU.ActiveCfg = Debug|Any CPU
		{A34EA000-0FC9-46E7-B4B2-0F7E6CB04367}.Debug|Any CPU.Build.0 = Debug|Any CPU
		{A34EA000-0FC9-46E7-B4B2-0F7E6CB04367}.Debug|x64.ActiveCfg = Debug|Any CPU
		{A34EA000-0FC9-46E7-B4B2-0F7E6CB04367}.Debug|x64.Build.0 = Debug|Any CPU
		{A34EA000-0FC9-46E7-B4B2-0F7E6CB04367}.Debug|x86.ActiveCfg = Debug|Any CPU
		{A34EA000-0FC9-46E7-B4B2-0F7E6CB04367}.Debug|x86.Build.0 = Debug|Any CPU
		{A34EA000-0FC9-46E7-B4B2-0F7E6CB04367}.Release|Any CPU.ActiveCfg = Release|Any CPU
		{A34EA000-0FC9-46E7-B4B2-0F7E6CB04367}.Release|Any CPU.Build.0 = Release|Any CPU
		{A34EA000-0FC9-46E7-B4B2-0F7E6CB04367}.Release|x64.ActiveCfg = Release|Any CPU
		{A34EA000-0FC9-46E7-B4B2-0F7E6CB04367}.Release|x64.Build.0 = Release|Any CPU
		{A34EA000-0FC9-46E7-B4B2-0F7E6CB04367}.Release|x86.ActiveCfg = Release|Any CPU
		{A34EA000-0FC9-46E7-B4B2-0F7E6CB04367}.Release|x86.Build.0 = Release|Any CPU
		{6B45E308-63B7-44F2-9C1B-D7B9EDBC9F7D}.Debug|Any CPU.ActiveCfg = Debug|Any CPU
		{6B45E308-63B7-44F2-9C1B-D7B9EDBC9F7D}.Debug|Any CPU.Build.0 = Debug|Any CPU
		{6B45E308-63B7-44F2-9C1B-D7B9EDBC9F7D}.Debug|x64.ActiveCfg = Debug|Any CPU
		{6B45E308-63B7-44F2-9C1B-D7B9EDBC9F7D}.Debug|x64.Build.0 = Debug|Any CPU
		{6B45E308-63B7-44F2-9C1B-D7B9EDBC9F7D}.Debug|x86.ActiveCfg = Debug|Any CPU
		{6B45E308-63B7-44F2-9C1B-D7B9EDBC9F7D}.Debug|x86.Build.0 = Debug|Any CPU
		{6B45E308-63B7-44F2-9C1B-D7B9EDBC9F7D}.Release|Any CPU.ActiveCfg = Release|Any CPU
		{6B45E308-63B7-44F2-9C1B-D7B9EDBC9F7D}.Release|Any CPU.Build.0 = Release|Any CPU
		{6B45E308-63B7-44F2-9C1B-D7B9EDBC9F7D}.Release|x64.ActiveCfg = Release|Any CPU
		{6B45E308-63B7-44F2-9C1B-D7B9EDBC9F7D}.Release|x64.Build.0 = Release|Any CPU
		{6B45E308-63B7-44F2-9C1B-D7B9EDBC9F7D}.Release|x86.ActiveCfg = Release|Any CPU
		{6B45E308-63B7-44F2-9C1B-D7B9EDBC9F7D}.Release|x86.Build.0 = Release|Any CPU
		{A3405B42-1924-4638-AFD6-50B2425A4038}.Debug|Any CPU.ActiveCfg = Debug|Any CPU
		{A3405B42-1924-4638-AFD6-50B2425A4038}.Debug|Any CPU.Build.0 = Debug|Any CPU
		{A3405B42-1924-4638-AFD6-50B2425A4038}.Debug|x64.ActiveCfg = Debug|Any CPU
		{A3405B42-1924-4638-AFD6-50B2425A4038}.Debug|x64.Build.0 = Debug|Any CPU
		{A3405B42-1924-4638-AFD6-50B2425A4038}.Debug|x86.ActiveCfg = Debug|Any CPU
		{A3405B42-1924-4638-AFD6-50B2425A4038}.Debug|x86.Build.0 = Debug|Any CPU
		{A3405B42-1924-4638-AFD6-50B2425A4038}.Release|Any CPU.ActiveCfg = Release|Any CPU
		{A3405B42-1924-4638-AFD6-50B2425A4038}.Release|Any CPU.Build.0 = Release|Any CPU
		{A3405B42-1924-4638-AFD6-50B2425A4038}.Release|x64.ActiveCfg = Release|Any CPU
		{A3405B42-1924-4638-AFD6-50B2425A4038}.Release|x64.Build.0 = Release|Any CPU
		{A3405B42-1924-4638-AFD6-50B2425A4038}.Release|x86.ActiveCfg = Release|Any CPU
		{A3405B42-1924-4638-AFD6-50B2425A4038}.Release|x86.Build.0 = Release|Any CPU
	EndGlobalSection
	GlobalSection(SolutionProperties) = preSolution
		HideSolutionNode = FALSE
	EndGlobalSection
	GlobalSection(NestedProjects) = preSolution
		{B5BA78CE-B37C-4644-936C-4AAB4C5494A7} = {588A47B5-B723-4B4F-A05F-D26A684B5E25}
		{DD12665D-24D3-4938-9757-B5D3ED254563} = {588A47B5-B723-4B4F-A05F-D26A684B5E25}
		{EAF6E615-5895-46EE-B396-51EF14E0461B} = {6430B62F-00CD-47AB-AB6E-7F65415921DB}
		{D7DF99BE-B47A-493C-A5BD-D2A1B55793F2} = {6430B62F-00CD-47AB-AB6E-7F65415921DB}
		{A34EA000-0FC9-46E7-B4B2-0F7E6CB04367} = {6430B62F-00CD-47AB-AB6E-7F65415921DB}
		{6B45E308-63B7-44F2-9C1B-D7B9EDBC9F7D} = {6430B62F-00CD-47AB-AB6E-7F65415921DB}
	EndGlobalSection
	GlobalSection(ExtensibilityGlobals) = postSolution
		SolutionGuid = {0F55B6C2-E4B4-4F2C-9D2A-D63A17F3B5C4}
	EndGlobalSection
EndGlobal
